// !$*UTF8*$!
{
	archiveVersion = 1;
	classes = {
	};
	objectVersion = 46;
	objects = {

/* Begin PBXBuildFile section */
		091B6BA61AD420AD00468610 /* HeaderView.xib in Resources */ = {isa = PBXBuildFile; fileRef = 091B6BA51AD420AD00468610 /* HeaderView.xib */; };
		091B6BAA1AD5224800468610 /* BNRDetailViewController.m in Sources */ = {isa = PBXBuildFile; fileRef = 091B6BA81AD5224800468610 /* BNRDetailViewController.m */; };
		091B6BAB1AD5224800468610 /* BNRDetailViewController.xib in Resources */ = {isa = PBXBuildFile; fileRef = 091B6BA91AD5224800468610 /* BNRDetailViewController.xib */; };
		09B7FF581AD12DFA00A6C853 /* main.m in Sources */ = {isa = PBXBuildFile; fileRef = 09B7FF571AD12DFA00A6C853 /* main.m */; };
		09B7FF5B1AD12DFA00A6C853 /* BNRAppDelegate.m in Sources */ = {isa = PBXBuildFile; fileRef = 09B7FF5A1AD12DFA00A6C853 /* BNRAppDelegate.m */; };
		09B7FF631AD12DFA00A6C853 /* Images.xcassets in Resources */ = {isa = PBXBuildFile; fileRef = 09B7FF621AD12DFA00A6C853 /* Images.xcassets */; };
		09B7FF661AD12DFA00A6C853 /* LaunchScreen.xib in Resources */ = {isa = PBXBuildFile; fileRef = 09B7FF641AD12DFA00A6C853 /* LaunchScreen.xib */; };
		09B7FF721AD12DFA00A6C853 /* BNRHomePwnerTests.m in Sources */ = {isa = PBXBuildFile; fileRef = 09B7FF711AD12DFA00A6C853 /* BNRHomePwnerTests.m */; };
		09B7FF801AD133FD00A6C853 /* BNRItemsViewController.m in Sources */ = {isa = PBXBuildFile; fileRef = 09B7FF7F1AD133FD00A6C853 /* BNRItemsViewController.m */; };
		09B7FF831AD1370500A6C853 /* BNRITem.m in Sources */ = {isa = PBXBuildFile; fileRef = 09B7FF821AD1370500A6C853 /* BNRITem.m */; };
		09B7FF861AD13AEA00A6C853 /* BNRItemStore.m in Sources */ = {isa = PBXBuildFile; fileRef = 09B7FF851AD13AEA00A6C853 /* BNRItemStore.m */; };
/* End PBXBuildFile section */

/* Begin PBXContainerItemProxy section */
		09B7FF6C1AD12DFA00A6C853 /* PBXContainerItemProxy */ = {
			isa = PBXContainerItemProxy;
			containerPortal = 09B7FF4A1AD12DFA00A6C853 /* Project object */;
			proxyType = 1;
			remoteGlobalIDString = 09B7FF511AD12DFA00A6C853;
			remoteInfo = BNRHomePwner;
		};
/* End PBXContainerItemProxy section */

/* Begin PBXFileReference section */
		091B6BA51AD420AD00468610 /* HeaderView.xib */ = {isa = PBXFileReference; fileEncoding = 4; lastKnownFileType = file.xib; path = HeaderView.xib; sourceTree = "<group>"; };
		091B6BA71AD5224800468610 /* BNRDetailViewController.h */ = {isa = PBXFileReference; fileEncoding = 4; lastKnownFileType = sourcecode.c.h; path = BNRDetailViewController.h; sourceTree = "<group>"; };
		091B6BA81AD5224800468610 /* BNRDetailViewController.m */ = {isa = PBXFileReference; fileEncoding = 4; lastKnownFileType = sourcecode.c.objc; path = BNRDetailViewController.m; sourceTree = "<group>"; };
		091B6BA91AD5224800468610 /* BNRDetailViewController.xib */ = {isa = PBXFileReference; fileEncoding = 4; lastKnownFileType = file.xib; path = BNRDetailViewController.xib; sourceTree = "<group>"; };
		09B7FF521AD12DFA00A6C853 /* BNRHomePwner.app */ = {isa = PBXFileReference; explicitFileType = wrapper.application; includeInIndex = 0; path = BNRHomePwner.app; sourceTree = BUILT_PRODUCTS_DIR; };
		09B7FF561AD12DFA00A6C853 /* Info.plist */ = {isa = PBXFileReference; lastKnownFileType = text.plist.xml; path = Info.plist; sourceTree = "<group>"; };
		09B7FF571AD12DFA00A6C853 /* main.m */ = {isa = PBXFileReference; lastKnownFileType = sourcecode.c.objc; path = main.m; sourceTree = "<group>"; };
		09B7FF591AD12DFA00A6C853 /* BNRAppDelegate.h */ = {isa = PBXFileReference; lastKnownFileType = sourcecode.c.h; path = BNRAppDelegate.h; sourceTree = "<group>"; };
		09B7FF5A1AD12DFA00A6C853 /* BNRAppDelegate.m */ = {isa = PBXFileReference; lastKnownFileType = sourcecode.c.objc; path = BNRAppDelegate.m; sourceTree = "<group>"; };
		09B7FF621AD12DFA00A6C853 /* Images.xcassets */ = {isa = PBXFileReference; lastKnownFileType = folder.assetcatalog; path = Images.xcassets; sourceTree = "<group>"; };
		09B7FF651AD12DFA00A6C853 /* Base */ = {isa = PBXFileReference; lastKnownFileType = file.xib; name = Base; path = Base.lproj/LaunchScreen.xib; sourceTree = "<group>"; };
		09B7FF6B1AD12DFA00A6C853 /* BNRHomePwnerTests.xctest */ = {isa = PBXFileReference; explicitFileType = wrapper.cfbundle; includeInIndex = 0; path = BNRHomePwnerTests.xctest; sourceTree = BUILT_PRODUCTS_DIR; };
		09B7FF701AD12DFA00A6C853 /* Info.plist */ = {isa = PBXFileReference; lastKnownFileType = text.plist.xml; path = Info.plist; sourceTree = "<group>"; };
		09B7FF711AD12DFA00A6C853 /* BNRHomePwnerTests.m */ = {isa = PBXFileReference; lastKnownFileType = sourcecode.c.objc; path = BNRHomePwnerTests.m; sourceTree = "<group>"; };
		09B7FF7E1AD133FD00A6C853 /* BNRItemsViewController.h */ = {isa = PBXFileReference; fileEncoding = 4; lastKnownFileType = sourcecode.c.h; path = BNRItemsViewController.h; sourceTree = "<group>"; };
		09B7FF7F1AD133FD00A6C853 /* BNRItemsViewController.m */ = {isa = PBXFileReference; fileEncoding = 4; lastKnownFileType = sourcecode.c.objc; path = BNRItemsViewController.m; sourceTree = "<group>"; };
		09B7FF811AD1370500A6C853 /* BNRItem.h */ = {isa = PBXFileReference; fileEncoding = 4; lastKnownFileType = sourcecode.c.h; path = BNRItem.h; sourceTree = "<group>"; };
		09B7FF821AD1370500A6C853 /* BNRITem.m */ = {isa = PBXFileReference; fileEncoding = 4; lastKnownFileType = sourcecode.c.objc; path = BNRITem.m; sourceTree = "<group>"; };
		09B7FF841AD13AEA00A6C853 /* BNRItemStore.h */ = {isa = PBXFileReference; fileEncoding = 4; lastKnownFileType = sourcecode.c.h; path = BNRItemStore.h; sourceTree = "<group>"; };
		09B7FF851AD13AEA00A6C853 /* BNRItemStore.m */ = {isa = PBXFileReference; fileEncoding = 4; lastKnownFileType = sourcecode.c.objc; path = BNRItemStore.m; sourceTree = "<group>"; };
/* End PBXFileReference section */

/* Begin PBXFrameworksBuildPhase section */
		09B7FF4F1AD12DFA00A6C853 /* Frameworks */ = {
			isa = PBXFrameworksBuildPhase;
			buildActionMask = 2147483647;
			files = (
			);
			runOnlyForDeploymentPostprocessing = 0;
		};
		09B7FF681AD12DFA00A6C853 /* Frameworks */ = {
			isa = PBXFrameworksBuildPhase;
			buildActionMask = 2147483647;
			files = (
			);
			runOnlyForDeploymentPostprocessing = 0;
		};
/* End PBXFrameworksBuildPhase section */

/* Begin PBXGroup section */
		09B7FF491AD12DFA00A6C853 = {
			isa = PBXGroup;
			children = (
				091B6BA71AD5224800468610 /* BNRDetailViewController.h */,
				091B6BA81AD5224800468610 /* BNRDetailViewController.m */,
				091B6BA91AD5224800468610 /* BNRDetailViewController.xib */,
				091B6BA51AD420AD00468610 /* HeaderView.xib */,
				09B7FF541AD12DFA00A6C853 /* BNRHomePwner */,
				09B7FF6E1AD12DFA00A6C853 /* BNRHomePwnerTests */,
				09B7FF531AD12DFA00A6C853 /* Products */,
			);
			sourceTree = "<group>";
		};
		09B7FF531AD12DFA00A6C853 /* Products */ = {
			isa = PBXGroup;
			children = (
				09B7FF521AD12DFA00A6C853 /* BNRHomePwner.app */,
				09B7FF6B1AD12DFA00A6C853 /* BNRHomePwnerTests.xctest */,
			);
			name = Products;
			sourceTree = "<group>";
		};
		09B7FF541AD12DFA00A6C853 /* BNRHomePwner */ = {
			isa = PBXGroup;
			children = (
				09B7FF811AD1370500A6C853 /* BNRItem.h */,
				09B7FF841AD13AEA00A6C853 /* BNRItemStore.h */,
				09B7FF851AD13AEA00A6C853 /* BNRItemStore.m */,
				09B7FF821AD1370500A6C853 /* BNRITem.m */,
				09B7FF7E1AD133FD00A6C853 /* BNRItemsViewController.h */,
				09B7FF7F1AD133FD00A6C853 /* BNRItemsViewController.m */,
				09B7FF591AD12DFA00A6C853 /* BNRAppDelegate.h */,
				09B7FF5A1AD12DFA00A6C853 /* BNRAppDelegate.m */,
				09B7FF621AD12DFA00A6C853 /* Images.xcassets */,
				09B7FF641AD12DFA00A6C853 /* LaunchScreen.xib */,
				09B7FF551AD12DFA00A6C853 /* Supporting Files */,
			);
			path = BNRHomePwner;
			sourceTree = "<group>";
		};
		09B7FF551AD12DFA00A6C853 /* Supporting Files */ = {
			isa = PBXGroup;
			children = (
				09B7FF561AD12DFA00A6C853 /* Info.plist */,
				09B7FF571AD12DFA00A6C853 /* main.m */,
			);
			name = "Supporting Files";
			sourceTree = "<group>";
		};
		09B7FF6E1AD12DFA00A6C853 /* BNRHomePwnerTests */ = {
			isa = PBXGroup;
			children = (
				09B7FF711AD12DFA00A6C853 /* BNRHomePwnerTests.m */,
				09B7FF6F1AD12DFA00A6C853 /* Supporting Files */,
			);
			path = BNRHomePwnerTests;
			sourceTree = "<group>";
		};
		09B7FF6F1AD12DFA00A6C853 /* Supporting Files */ = {
			isa = PBXGroup;
			children = (
				09B7FF701AD12DFA00A6C853 /* Info.plist */,
			);
			name = "Supporting Files";
			sourceTree = "<group>";
		};
/* End PBXGroup section */

/* Begin PBXNativeTarget section */
		09B7FF511AD12DFA00A6C853 /* BNRHomePwner */ = {
			isa = PBXNativeTarget;
			buildConfigurationList = 09B7FF751AD12DFA00A6C853 /* Build configuration list for PBXNativeTarget "BNRHomePwner" */;
			buildPhases = (
				09B7FF4E1AD12DFA00A6C853 /* Sources */,
				09B7FF4F1AD12DFA00A6C853 /* Frameworks */,
				09B7FF501AD12DFA00A6C853 /* Resources */,
			);
			buildRules = (
			);
			dependencies = (
			);
			name = BNRHomePwner;
			productName = BNRHomePwner;
			productReference = 09B7FF521AD12DFA00A6C853 /* BNRHomePwner.app */;
			productType = "com.apple.product-type.application";
		};
		09B7FF6A1AD12DFA00A6C853 /* BNRHomePwnerTests */ = {
			isa = PBXNativeTarget;
			buildConfigurationList = 09B7FF781AD12DFA00A6C853 /* Build configuration list for PBXNativeTarget "BNRHomePwnerTests" */;
			buildPhases = (
				09B7FF671AD12DFA00A6C853 /* Sources */,
				09B7FF681AD12DFA00A6C853 /* Frameworks */,
				09B7FF691AD12DFA00A6C853 /* Resources */,
			);
			buildRules = (
			);
			dependencies = (
				09B7FF6D1AD12DFA00A6C853 /* PBXTargetDependency */,
			);
			name = BNRHomePwnerTests;
			productName = BNRHomePwnerTests;
			productReference = 09B7FF6B1AD12DFA00A6C853 /* BNRHomePwnerTests.xctest */;
			productType = "com.apple.product-type.bundle.unit-test";
		};
/* End PBXNativeTarget section */

/* Begin PBXProject section */
		09B7FF4A1AD12DFA00A6C853 /* Project object */ = {
			isa = PBXProject;
			attributes = {
				LastUpgradeCheck = 0620;
				ORGANIZATIONNAME = "Idris Raja";
				TargetAttributes = {
					09B7FF511AD12DFA00A6C853 = {
						CreatedOnToolsVersion = 6.2;
					};
					09B7FF6A1AD12DFA00A6C853 = {
						CreatedOnToolsVersion = 6.2;
						TestTargetID = 09B7FF511AD12DFA00A6C853;
					};
				};
			};
			buildConfigurationList = 09B7FF4D1AD12DFA00A6C853 /* Build configuration list for PBXProject "BNRHomePwner" */;
			compatibilityVersion = "Xcode 3.2";
			developmentRegion = English;
			hasScannedForEncodings = 0;
			knownRegions = (
				en,
				Base,
			);
			mainGroup = 09B7FF491AD12DFA00A6C853;
			productRefGroup = 09B7FF531AD12DFA00A6C853 /* Products */;
			projectDirPath = "";
			projectRoot = "";
			targets = (
				09B7FF511AD12DFA00A6C853 /* BNRHomePwner */,
				09B7FF6A1AD12DFA00A6C853 /* BNRHomePwnerTests */,
			);
		};
/* End PBXProject section */

/* Begin PBXResourcesBuildPhase section */
		09B7FF501AD12DFA00A6C853 /* Resources */ = {
			isa = PBXResourcesBuildPhase;
			buildActionMask = 2147483647;
			files = (
				091B6BAB1AD5224800468610 /* BNRDetailViewController.xib in Resources */,
				091B6BA61AD420AD00468610 /* HeaderView.xib in Resources */,
				09B7FF661AD12DFA00A6C853 /* LaunchScreen.xib in Resources */,
				09B7FF631AD12DFA00A6C853 /* Images.xcassets in Resources */,
			);
			runOnlyForDeploymentPostprocessing = 0;
		};
		09B7FF691AD12DFA00A6C853 /* Resources */ = {
			isa = PBXResourcesBuildPhase;
			buildActionMask = 2147483647;
			files = (
			);
			runOnlyForDeploymentPostprocessing = 0;
		};
/* End PBXResourcesBuildPhase section */

/* Begin PBXSourcesBuildPhase section */
		09B7FF4E1AD12DFA00A6C853 /* Sources */ = {
			isa = PBXSourcesBuildPhase;
			buildActionMask = 2147483647;
			files = (
				091B6BAA1AD5224800468610 /* BNRDetailViewController.m in Sources */,
				09B7FF861AD13AEA00A6C853 /* BNRItemStore.m in Sources */,
				09B7FF5B1AD12DFA00A6C853 /* BNRAppDelegate.m in Sources */,
				09B7FF831AD1370500A6C853 /* BNRITem.m in Sources */,
				09B7FF801AD133FD00A6C853 /* BNRItemsViewController.m in Sources */,
				09B7FF581AD12DFA00A6C853 /* main.m in Sources */,
			);
			runOnlyForDeploymentPostprocessing = 0;
		};
		09B7FF671AD12DFA00A6C853 /* Sources */ = {
			isa = PBXSourcesBuildPhase;
			buildActionMask = 2147483647;
			files = (
				09B7FF721AD12DFA00A6C853 /* BNRHomePwnerTests.m in Sources */,
			);
			runOnlyForDeploymentPostprocessing = 0;
		};
/* End PBXSourcesBuildPhase section */

/* Begin PBXTargetDependency section */
		09B7FF6D1AD12DFA00A6C853 /* PBXTargetDependency */ = {
			isa = PBXTargetDependency;
			target = 09B7FF511AD12DFA00A6C853 /* BNRHomePwner */;
			targetProxy = 09B7FF6C1AD12DFA00A6C853 /* PBXContainerItemProxy */;
		};
/* End PBXTargetDependency section */

/* Begin PBXVariantGroup section */
		09B7FF641AD12DFA00A6C853 /* LaunchScreen.xib */ = {
			isa = PBXVariantGroup;
			children = (
				09B7FF651AD12DFA00A6C853 /* Base */,
			);
			name = LaunchScreen.xib;
			sourceTree = "<group>";
		};
/* End PBXVariantGroup section */

/* Begin XCBuildConfiguration section */
		09B7FF731AD12DFA00A6C853 /* Debug */ = {
			isa = XCBuildConfiguration;
			buildSettings = {
				ALWAYS_SEARCH_USER_PATHS = NO;
				CLANG_CXX_LANGUAGE_STANDARD = "gnu++0x";
				CLANG_CXX_LIBRARY = "libc++";
				CLANG_ENABLE_MODULES = YES;
				CLANG_ENABLE_OBJC_ARC = YES;
				CLANG_WARN_BOOL_CONVERSION = YES;
				CLANG_WARN_CONSTANT_CONVERSION = YES;
				CLANG_WARN_DIRECT_OBJC_ISA_USAGE = YES_ERROR;
				CLANG_WARN_EMPTY_BODY = YES;
				CLANG_WARN_ENUM_CONVERSION = YES;
				CLANG_WARN_INT_CONVERSION = YES;
				CLANG_WARN_OBJC_ROOT_CLASS = YES_ERROR;
				CLANG_WARN_UNREACHABLE_CODE = YES;
				CLANG_WARN__DUPLICATE_METHOD_MATCH = YES;
				"CODE_SIGN_IDENTITY[sdk=iphoneos*]" = "iPhone Developer";
				COPY_PHASE_STRIP = NO;
				ENABLE_STRICT_OBJC_MSGSEND = YES;
				GCC_C_LANGUAGE_STANDARD = gnu99;
				GCC_DYNAMIC_NO_PIC = NO;
				GCC_OPTIMIZATION_LEVEL = 0;
				GCC_PREPROCESSOR_DEFINITIONS = (
					"DEBUG=1",
					"$(inherited)",
				);
				GCC_SYMBOLS_PRIVATE_EXTERN = NO;
				GCC_WARN_64_TO_32_BIT_CONVERSION = YES;
				GCC_WARN_ABOUT_RETURN_TYPE = YES_ERROR;
				GCC_WARN_UNDECLARED_SELECTOR = YES;
				GCC_WARN_UNINITIALIZED_AUTOS = YES_AGGRESSIVE;
				GCC_WARN_UNUSED_FUNCTION = YES;
				GCC_WARN_UNUSED_VARIABLE = YES;
				IPHONEOS_DEPLOYMENT_TARGET = 8.2;
				MTL_ENABLE_DEBUG_INFO = YES;
				ONLY_ACTIVE_ARCH = YES;
				SDKROOT = iphoneos;
			};
			name = Debug;
		};
		09B7FF741AD12DFA00A6C853 /* Release */ = {
			isa = XCBuildConfiguration;
			buildSettings = {
				ALWAYS_SEARCH_USER_PATHS = NO;
				CLANG_CXX_LANGUAGE_STANDARD = "gnu++0x";
				CLANG_CXX_LIBRARY = "libc++";
				CLANG_ENABLE_MODULES = YES;
				CLANG_ENABLE_OBJC_ARC = YES;
				CLANG_WARN_BOOL_CONVERSION = YES;
				CLANG_WARN_CONSTANT_CONVERSION = YES;
				CLANG_WARN_DIRECT_OBJC_ISA_USAGE = YES_ERROR;
				CLANG_WARN_EMPTY_BODY = YES;
				CLANG_WARN_ENUM_CONVERSION = YES;
				CLANG_WARN_INT_CONVERSION = YES;
				CLANG_WARN_OBJC_ROOT_CLASS = YES_ERROR;
				CLANG_WARN_UNREACHABLE_CODE = YES;
				CLANG_WARN__DUPLICATE_METHOD_MATCH = YES;
				"CODE_SIGN_IDENTITY[sdk=iphoneos*]" = "iPhone Developer";
				COPY_PHASE_STRIP = NO;
				ENABLE_NS_ASSERTIONS = NO;
				ENABLE_STRICT_OBJC_MSGSEND = YES;
				GCC_C_LANGUAGE_STANDARD = gnu99;
				GCC_WARN_64_TO_32_BIT_CONVERSION = YES;
				GCC_WARN_ABOUT_RETURN_TYPE = YES_ERROR;
				GCC_WARN_UNDECLARED_SELECTOR = YES;
				GCC_WARN_UNINITIALIZED_AUTOS = YES_AGGRESSIVE;
				GCC_WARN_UNUSED_FUNCTION = YES;
				GCC_WARN_UNUSED_VARIABLE = YES;
				IPHONEOS_DEPLOYMENT_TARGET = 8.2;
				MTL_ENABLE_DEBUG_INFO = NO;
				SDKROOT = iphoneos;
				VALIDATE_PRODUCT = YES;
			};
			name = Release;
		};
		09B7FF761AD12DFA00A6C853 /* Debug */ = {
			isa = XCBuildConfiguration;
			buildSettings = {
				ASSETCATALOG_COMPILER_APPICON_NAME = AppIcon;
				INFOPLIST_FILE = BNRHomePwner/Info.plist;
				LD_RUNPATH_SEARCH_PATHS = "$(inherited) @executable_path/Frameworks";
				PRODUCT_NAME = "$(TARGET_NAME)";
			};
			name = Debug;
		};
		09B7FF771AD12DFA00A6C853 /* Release */ = {
			isa = XCBuildConfiguration;
			buildSettings = {
				ASSETCATALOG_COMPILER_APPICON_NAME = AppIcon;
				INFOPLIST_FILE = BNRHomePwner/Info.plist;
				LD_RUNPATH_SEARCH_PATHS = "$(inherited) @executable_path/Frameworks";
				PRODUCT_NAME = "$(TARGET_NAME)";
			};
			name = Release;
		};
		09B7FF791AD12DFA00A6C853 /* Debug */ = {
			isa = XCBuildConfiguration;
			buildSettings = {
				BUNDLE_LOADER = "$(TEST_HOST)";
				FRAMEWORK_SEARCH_PATHS = (
					"$(SDKROOT)/Developer/Library/Frameworks",
					"$(inherited)",
				);
				GCC_PREPROCESSOR_DEFINITIONS = (
					"DEBUG=1",
					"$(inherited)",
				);
				INFOPLIST_FILE = BNRHomePwnerTests/Info.plist;
				LD_RUNPATH_SEARCH_PATHS = "$(inherited) @executable_path/Frameworks @loader_path/Frameworks";
				PRODUCT_NAME = "$(TARGET_NAME)";
				TEST_HOST = "$(BUILT_PRODUCTS_DIR)/BNRHomePwner.app/BNRHomePwner";
			};
			name = Debug;
		};
		09B7FF7A1AD12DFA00A6C853 /* Release */ = {
			isa = XCBuildConfiguration;
			buildSettings = {
				BUNDLE_LOADER = "$(TEST_HOST)";
				FRAMEWORK_SEARCH_PATHS = (
					"$(SDKROOT)/Developer/Library/Frameworks",
					"$(inherited)",
				);
				INFOPLIST_FILE = BNRHomePwnerTests/Info.plist;
				LD_RUNPATH_SEARCH_PATHS = "$(inherited) @executable_path/Frameworks @loader_path/Frameworks";
				PRODUCT_NAME = "$(TARGET_NAME)";
				TEST_HOST = "$(BUILT_PRODUCTS_DIR)/BNRHomePwner.app/BNRHomePwner";
			};
			name = Release;
		};
/* End XCBuildConfiguration section */

/* Begin XCConfigurationList section */
		09B7FF4D1AD12DFA00A6C853 /* Build configuration list for PBXProject "BNRHomePwner" */ = {
			isa = XCConfigurationList;
			buildConfigurations = (
				09B7FF731AD12DFA00A6C853 /* Debug */,
				09B7FF741AD12DFA00A6C853 /* Release */,
			);
			defaultConfigurationIsVisible = 0;
			defaultConfigurationName = Release;
		};
		09B7FF751AD12DFA00A6C853 /* Build configuration list for PBXNativeTarget "BNRHomePwner" */ = {
			isa = XCConfigurationList;
			buildConfigurations = (
				09B7FF761AD12DFA00A6C853 /* Debug */,
				09B7FF771AD12DFA00A6C853 /* Release */,
			);
			defaultConfigurationIsVisible = 0;
			defaultConfigurationName = Release;
		};
		09B7FF781AD12DFA00A6C853 /* Build configuration list for PBXNativeTarget "BNRHomePwnerTests" */ = {
			isa = XCConfigurationList;
			buildConfigurations = (
				09B7FF791AD12DFA00A6C853 /* Debug */,
				09B7FF7A1AD12DFA00A6C853 /* Release */,
			);
			defaultConfigurationIsVisible = 0;
			defaultConfigurationName = Release;
		};
/* End XCConfigurationList section */
	};
	rootObject = 09B7FF4A1AD12DFA00A6C853 /* Project object */;
}
